
Microsoft Visual Studio Solution File, Format Version 12.00
# Visual Studio Version 17
VisualStudioVersion = 17.0.31903.59
MinimumVisualStudioVersion = 10.0.40219.1
Project("{9A19103F-16F7-4668-BE54-9A1E7A4F7556}") = "CustomerForm", "CustomerForm\CustomerForm.csproj", "{29338AA9-DAE7-49FC-ACB1-47FEA4F33B84}"
EndProject
Project("{9A19103F-16F7-4668-BE54-9A1E7A4F7556}") = "CustomerForm.Core", "CustomerForm.Core\CustomerForm.Core.csproj", "{DEC0BE93-72A9-4B46-B5CA-8DF2A87F0D6B}"
EndProject
Project("{FAE04EC0-301F-11D3-BF4B-00C04F79EFBC}") = "CustomerForm.Data", "CustomerForm.Data\CustomerForm.Data.csproj", "{B1272749-E32D-434B-8554-E38BAC0F5A2B}"
EndProject
Global
	GlobalSection(SolutionConfigurationPlatforms) = preSolution
		Debug|Any CPU = Debug|Any CPU
		Release|Any CPU = Release|Any CPU
	EndGlobalSection
	GlobalSection(ProjectConfigurationPlatforms) = postSolution
		{29338AA9-DAE7-49FC-ACB1-47FEA4F33B84}.Debug|Any CPU.ActiveCfg = Debug|Any CPU
		{29338AA9-DAE7-49FC-ACB1-47FEA4F33B84}.Debug|Any CPU.Build.0 = Debug|Any CPU
		{29338AA9-DAE7-49FC-ACB1-47FEA4F33B84}.Release|Any CPU.ActiveCfg = Release|Any CPU
		{29338AA9-DAE7-49FC-ACB1-47FEA4F33B84}.Release|Any CPU.Build.0 = Release|Any CPU
		{DEC0BE93-72A9-4B46-B5CA-8DF2A87F0D6B}.Debug|Any CPU.ActiveCfg = Debug|Any CPU
		{DEC0BE93-72A9-4B46-B5CA-8DF2A87F0D6B}.Debug|Any CPU.Build.0 = Debug|Any CPU
		{DEC0BE93-72A9-4B46-B5CA-8DF2A87F0D6B}.Release|Any CPU.ActiveCfg = Release|Any CPU
		{DEC0BE93-72A9-4B46-B5CA-8DF2A87F0D6B}.Release|Any CPU.Build.0 = Release|Any CPU
		{B1272749-E32D-434B-8554-E38BAC0F5A2B}.Debug|Any CPU.ActiveCfg = Debug|Any CPU
		{B1272749-E32D-434B-8554-E38BAC0F5A2B}.Debug|Any CPU.Build.0 = Debug|Any CPU
		{B1272749-E32D-434B-8554-E38BAC0F5A2B}.Release|Any CPU.ActiveCfg = Release|Any CPU
		{B1272749-E32D-434B-8554-E38BAC0F5A2B}.Release|Any CPU.Build.0 = Release|Any CPU
	EndGlobalSection
	GlobalSection(SolutionProperties) = preSolution
		HideSolutionNode = FALSE
	EndGlobalSection
	GlobalSection(ExtensibilityGlobals) = postSolution
		SolutionGuid = {99BEC135-642D-41E3-A555-F2B3EB41F12E}
	EndGlobalSection
EndGlobal
